
Microsoft Visual Studio Solution File, Format Version 12.00
# Visual Studio Version 17
VisualStudioVersion = 17.10.35013.160
MinimumVisualStudioVersion = 10.0.40219.1
Project("{9A19103F-16F7-4668-BE54-9A1E7A4F7556}") = "ProyectoWeb", "ProyectoWeb\ProyectoWeb.csproj", "{703DB252-4101-4ED3-9918-0BBF0A3B31C1}"
EndProject
Project("{9A19103F-16F7-4668-BE54-9A1E7A4F7556}") = "DAL", "DAL\DAL.csproj", "{BB08EDB1-E748-4194-9249-B44D58EEFC94}"
EndProject
Project("{9A19103F-16F7-4668-BE54-9A1E7A4F7556}") = "Entity", "Entity\Entity.csproj", "{D7CC8487-527F-4C47-923D-CF6356A5955A}"
EndProject
Project("{9A19103F-16F7-4668-BE54-9A1E7A4F7556}") = "ServiceLayer", "Services\ServiceLayer.csproj", "{72C75980-D588-47FB-B4AD-1E72A983830F}"
EndProject
Global
	GlobalSection(SolutionConfigurationPlatforms) = preSolution
		Debug|Any CPU = Debug|Any CPU
		Release|Any CPU = Release|Any CPU
	EndGlobalSection
	GlobalSection(ProjectConfigurationPlatforms) = postSolution
		{703DB252-4101-4ED3-9918-0BBF0A3B31C1}.Debug|Any CPU.ActiveCfg = Debug|Any CPU
		{703DB252-4101-4ED3-9918-0BBF0A3B31C1}.Debug|Any CPU.Build.0 = Debug|Any CPU
		{703DB252-4101-4ED3-9918-0BBF0A3B31C1}.Release|Any CPU.ActiveCfg = Release|Any CPU
		{703DB252-4101-4ED3-9918-0BBF0A3B31C1}.Release|Any CPU.Build.0 = Release|Any CPU
		{BB08EDB1-E748-4194-9249-B44D58EEFC94}.Debug|Any CPU.ActiveCfg = Debug|Any CPU
		{BB08EDB1-E748-4194-9249-B44D58EEFC94}.Debug|Any CPU.Build.0 = Debug|Any CPU
		{BB08EDB1-E748-4194-9249-B44D58EEFC94}.Release|Any CPU.ActiveCfg = Release|Any CPU
		{BB08EDB1-E748-4194-9249-B44D58EEFC94}.Release|Any CPU.Build.0 = Release|Any CPU
		{D7CC8487-527F-4C47-923D-CF6356A5955A}.Debug|Any CPU.ActiveCfg = Debug|Any CPU
		{D7CC8487-527F-4C47-923D-CF6356A5955A}.Debug|Any CPU.Build.0 = Debug|Any CPU
		{D7CC8487-527F-4C47-923D-CF6356A5955A}.Release|Any CPU.ActiveCfg = Release|Any CPU
		{D7CC8487-527F-4C47-923D-CF6356A5955A}.Release|Any CPU.Build.0 = Release|Any CPU
		{72C75980-D588-47FB-B4AD-1E72A983830F}.Debug|Any CPU.ActiveCfg = Debug|Any CPU
		{72C75980-D588-47FB-B4AD-1E72A983830F}.Debug|Any CPU.Build.0 = Debug|Any CPU
		{72C75980-D588-47FB-B4AD-1E72A983830F}.Release|Any CPU.ActiveCfg = Release|Any CPU
		{72C75980-D588-47FB-B4AD-1E72A983830F}.Release|Any CPU.Build.0 = Release|Any CPU
	EndGlobalSection
	GlobalSection(SolutionProperties) = preSolution
		HideSolutionNode = FALSE
	EndGlobalSection
	GlobalSection(ExtensibilityGlobals) = postSolution
		SolutionGuid = {8BBF2A1C-800C-44FE-912E-0D71A799A62A}
	EndGlobalSection
EndGlobal
